
Microsoft Visual Studio Solution File, Format Version 12.00
# Visual Studio Version 16
VisualStudioVersion = 16.0.29230.47
MinimumVisualStudioVersion = 10.0.40219.1
Project("{FAE04EC0-301F-11D3-BF4B-00C04F79EFBC}") = "GestureLab.Android", "GestureLab.Android\GestureLab.Android.csproj", "{BF3DCEEA-5897-4AC5-9B18-54110302A7FE}"
EndProject
Project("{FAE04EC0-301F-11D3-BF4B-00C04F79EFBC}") = "GestureLab.iOS", "GestureLab.iOS\GestureLab.iOS.csproj", "{2BCBD067-6287-43DE-9A2C-FE00B842217F}"
EndProject
Project("{FAE04EC0-301F-11D3-BF4B-00C04F79EFBC}") = "GestureLab", "GestureLab\GestureLab.csproj", "{0D1BC832-8AF8-482B-8AFC-F64E679E49AE}"
EndProject
Global
	GlobalSection(SolutionConfigurationPlatforms) = preSolution
		Debug|Any CPU = Debug|Any CPU
		Debug|iPhone = Debug|iPhone
		Debug|iPhoneSimulator = Debug|iPhoneSimulator
		Release|Any CPU = Release|Any CPU
		Release|iPhone = Release|iPhone
		Release|iPhoneSimulator = Release|iPhoneSimulator
	EndGlobalSection
	GlobalSection(ProjectConfigurationPlatforms) = postSolution
		{BF3DCEEA-5897-4AC5-9B18-54110302A7FE}.Debug|Any CPU.ActiveCfg = Debug|Any CPU
		{BF3DCEEA-5897-4AC5-9B18-54110302A7FE}.Debug|Any CPU.Build.0 = Debug|Any CPU
		{BF3DCEEA-5897-4AC5-9B18-54110302A7FE}.Debug|Any CPU.Deploy.0 = Debug|Any CPU
		{BF3DCEEA-5897-4AC5-9B18-54110302A7FE}.Debug|iPhone.ActiveCfg = Debug|Any CPU
		{BF3DCEEA-5897-4AC5-9B18-54110302A7FE}.Debug|iPhone.Build.0 = Debug|Any CPU
		{BF3DCEEA-5897-4AC5-9B18-54110302A7FE}.Debug|iPhone.Deploy.0 = Debug|Any CPU
		{BF3DCEEA-5897-4AC5-9B18-54110302A7FE}.Debug|iPhoneSimulator.ActiveCfg = Debug|Any CPU
		{BF3DCEEA-5897-4AC5-9B18-54110302A7FE}.Debug|iPhoneSimulator.Build.0 = Debug|Any CPU
		{BF3DCEEA-5897-4AC5-9B18-54110302A7FE}.Debug|iPhoneSimulator.Deploy.0 = Debug|Any CPU
		{BF3DCEEA-5897-4AC5-9B18-54110302A7FE}.Release|Any CPU.ActiveCfg = Release|Any CPU
		{BF3DCEEA-5897-4AC5-9B18-54110302A7FE}.Release|Any CPU.Build.0 = Release|Any CPU
		{BF3DCEEA-5897-4AC5-9B18-54110302A7FE}.Release|Any CPU.Deploy.0 = Release|Any CPU
		{BF3DCEEA-5897-4AC5-9B18-54110302A7FE}.Release|iPhone.ActiveCfg = Release|Any CPU
		{BF3DCEEA-5897-4AC5-9B18-54110302A7FE}.Release|iPhone.Build.0 = Release|Any CPU
		{BF3DCEEA-5897-4AC5-9B18-54110302A7FE}.Release|iPhone.Deploy.0 = Release|Any CPU
		{BF3DCEEA-5897-4AC5-9B18-54110302A7FE}.Release|iPhoneSimulator.ActiveCfg = Release|Any CPU
		{BF3DCEEA-5897-4AC5-9B18-54110302A7FE}.Release|iPhoneSimulator.Build.0 = Release|Any CPU
		{BF3DCEEA-5897-4AC5-9B18-54110302A7FE}.Release|iPhoneSimulator.Deploy.0 = Release|Any CPU
		{2BCBD067-6287-43DE-9A2C-FE00B842217F}.Debug|Any CPU.ActiveCfg = Debug|iPhoneSimulator
		{2BCBD067-6287-43DE-9A2C-FE00B842217F}.Debug|Any CPU.Build.0 = Debug|iPhoneSimulator
		{2BCBD067-6287-43DE-9A2C-FE00B842217F}.Debug|Any CPU.Deploy.0 = Debug|iPhoneSimulator
		{2BCBD067-6287-43DE-9A2C-FE00B842217F}.Debug|iPhone.ActiveCfg = Debug|iPhone
		{2BCBD067-6287-43DE-9A2C-FE00B842217F}.Debug|iPhone.Build.0 = Debug|iPhone
		{2BCBD067-6287-43DE-9A2C-FE00B842217F}.Debug|iPhone.Deploy.0 = Debug|iPhone
		{2BCBD067-6287-43DE-9A2C-FE00B842217F}.Debug|iPhoneSimulator.ActiveCfg = Debug|iPhoneSimulator
		{2BCBD067-6287-43DE-9A2C-FE00B842217F}.Debug|iPhoneSimulator.Build.0 = Debug|iPhoneSimulator
		{2BCBD067-6287-43DE-9A2C-FE00B842217F}.Debug|iPhoneSimulator.Deploy.0 = Debug|iPhoneSimulator
		{2BCBD067-6287-43DE-9A2C-FE00B842217F}.Release|Any CPU.ActiveCfg = Release|iPhone
		{2BCBD067-6287-43DE-9A2C-FE00B842217F}.Release|Any CPU.Build.0 = Release|iPhone
		{2BCBD067-6287-43DE-9A2C-FE00B842217F}.Release|Any CPU.Deploy.0 = Release|iPhone
		{2BCBD067-6287-43DE-9A2C-FE00B842217F}.Release|iPhone.ActiveCfg = Release|iPhone
		{2BCBD067-6287-43DE-9A2C-FE00B842217F}.Release|iPhone.Build.0 = Release|iPhone
		{2BCBD067-6287-43DE-9A2C-FE00B842217F}.Release|iPhone.Deploy.0 = Release|iPhone
		{2BCBD067-6287-43DE-9A2C-FE00B842217F}.Release|iPhoneSimulator.ActiveCfg = Release|iPhoneSimulator
		{2BCBD067-6287-43DE-9A2C-FE00B842217F}.Release|iPhoneSimulator.Build.0 = Release|iPhoneSimulator
		{2BCBD067-6287-43DE-9A2C-FE00B842217F}.Release|iPhoneSimulator.Deploy.0 = Release|iPhoneSimulator
		{0D1BC832-8AF8-482B-8AFC-F64E679E49AE}.Debug|Any CPU.ActiveCfg = Debug|Any CPU
		{0D1BC832-8AF8-482B-8AFC-F64E679E49AE}.Debug|Any CPU.Build.0 = Debug|Any CPU
		{0D1BC832-8AF8-482B-8AFC-F64E679E49AE}.Debug|Any CPU.Deploy.0 = Debug|Any CPU
		{0D1BC832-8AF8-482B-8AFC-F64E679E49AE}.Debug|iPhone.ActiveCfg = Debug|Any CPU
		{0D1BC832-8AF8-482B-8AFC-F64E679E49AE}.Debug|iPhone.Build.0 = Debug|Any CPU
		{0D1BC832-8AF8-482B-8AFC-F64E679E49AE}.Debug|iPhone.Deploy.0 = Debug|Any CPU
		{0D1BC832-8AF8-482B-8AFC-F64E679E49AE}.Debug|iPhoneSimulator.ActiveCfg = Debug|Any CPU
		{0D1BC832-8AF8-482B-8AFC-F64E679E49AE}.Debug|iPhoneSimulator.Build.0 = Debug|Any CPU
		{0D1BC832-8AF8-482B-8AFC-F64E679E49AE}.Debug|iPhoneSimulator.Deploy.0 = Debug|Any CPU
		{0D1BC832-8AF8-482B-8AFC-F64E679E49AE}.Release|Any CPU.ActiveCfg = Release|Any CPU
		{0D1BC832-8AF8-482B-8AFC-F64E679E49AE}.Release|Any CPU.Build.0 = Release|Any CPU
		{0D1BC832-8AF8-482B-8AFC-F64E679E49AE}.Release|Any CPU.Deploy.0 = Release|Any CPU
		{0D1BC832-8AF8-482B-8AFC-F64E679E49AE}.Release|iPhone.ActiveCfg = Release|Any CPU
		{0D1BC832-8AF8-482B-8AFC-F64E679E49AE}.Release|iPhone.Build.0 = Release|Any CPU
		{0D1BC832-8AF8-482B-8AFC-F64E679E49AE}.Release|iPhone.Deploy.0 = Release|Any CPU
		{0D1BC832-8AF8-482B-8AFC-F64E679E49AE}.Release|iPhoneSimulator.ActiveCfg = Release|Any CPU
		{0D1BC832-8AF8-482B-8AFC-F64E679E49AE}.Release|iPhoneSimulator.Build.0 = Release|Any CPU
		{0D1BC832-8AF8-482B-8AFC-F64E679E49AE}.Release|iPhoneSimulator.Deploy.0 = Release|Any CPU
	EndGlobalSection
	GlobalSection(SolutionProperties) = preSolution
		HideSolutionNode = FALSE
	EndGlobalSection
	GlobalSection(ExtensibilityGlobals) = postSolution
		SolutionGuid = {C026578F-742E-405C-B34B-0EAC44F4136C}
	EndGlobalSection
EndGlobal
